
Microsoft Visual Studio Solution File, Format Version 12.00
# Visual Studio Version 17
VisualStudioVersion = 17.1.32210.238
MinimumVisualStudioVersion = 10.0.40219.1
Project("{FAE04EC0-301F-11D3-BF4B-00C04F79EFBC}") = "Task2", "Task2\Task2.csproj", "{8C46B1A2-5D1D-494C-8C65-06FF446C55BB}"
EndProject
Project("{FAE04EC0-301F-11D3-BF4B-00C04F79EFBC}") = "Task1", "Task1\Task1.csproj", "{3A70345F-DF68-4AE0-BAE1-2F81047EC5A3}"
EndProject
Global
	GlobalSection(SolutionConfigurationPlatforms) = preSolution
		Debug|Any CPU = Debug|Any CPU
		Release|Any CPU = Release|Any CPU
	EndGlobalSection
	GlobalSection(ProjectConfigurationPlatforms) = postSolution
		{8C46B1A2-5D1D-494C-8C65-06FF446C55BB}.Debug|Any CPU.ActiveCfg = Debug|Any CPU
		{8C46B1A2-5D1D-494C-8C65-06FF446C55BB}.Debug|Any CPU.Build.0 = Debug|Any CPU
		{8C46B1A2-5D1D-494C-8C65-06FF446C55BB}.Release|Any CPU.ActiveCfg = Release|Any CPU
		{8C46B1A2-5D1D-494C-8C65-06FF446C55BB}.Release|Any CPU.Build.0 = Release|Any CPU
		{3A70345F-DF68-4AE0-BAE1-2F81047EC5A3}.Debug|Any CPU.ActiveCfg = Debug|Any CPU
		{3A70345F-DF68-4AE0-BAE1-2F81047EC5A3}.Debug|Any CPU.Build.0 = Debug|Any CPU
		{3A70345F-DF68-4AE0-BAE1-2F81047EC5A3}.Release|Any CPU.ActiveCfg = Release|Any CPU
		{3A70345F-DF68-4AE0-BAE1-2F81047EC5A3}.Release|Any CPU.Build.0 = Release|Any CPU
	EndGlobalSection
	GlobalSection(SolutionProperties) = preSolution
		HideSolutionNode = FALSE
	EndGlobalSection
	GlobalSection(ExtensibilityGlobals) = postSolution
		SolutionGuid = {DF23182D-8B56-4E22-8265-24C55148B803}
	EndGlobalSection
EndGlobal
