
Microsoft Visual Studio Solution File, Format Version 12.00
# Visual Studio Version 17
VisualStudioVersion = 17.3.32929.385
MinimumVisualStudioVersion = 10.0.40219.1
Project("{FAE04EC0-301F-11D3-BF4B-00C04F79EFBC}") = "WindowsPresentationFoundation", "WindowsPresentationFoundation\WindowsPresentationFoundation.csproj", "{8B252C52-46CB-4D7A-AA95-A784878D12C3}"
EndProject
Global
	GlobalSection(SolutionConfigurationPlatforms) = preSolution
		Debug|Any CPU = Debug|Any CPU
		Release|Any CPU = Release|Any CPU
	EndGlobalSection
	GlobalSection(ProjectConfigurationPlatforms) = postSolution
		{8B252C52-46CB-4D7A-AA95-A784878D12C3}.Debug|Any CPU.ActiveCfg = Debug|Any CPU
		{8B252C52-46CB-4D7A-AA95-A784878D12C3}.Debug|Any CPU.Build.0 = Debug|Any CPU
		{8B252C52-46CB-4D7A-AA95-A784878D12C3}.Release|Any CPU.ActiveCfg = Release|Any CPU
		{8B252C52-46CB-4D7A-AA95-A784878D12C3}.Release|Any CPU.Build.0 = Release|Any CPU
	EndGlobalSection
	GlobalSection(SolutionProperties) = preSolution
		HideSolutionNode = FALSE
	EndGlobalSection
	GlobalSection(ExtensibilityGlobals) = postSolution
		SolutionGuid = {D84D0E13-5C8D-4B22-94D6-1D242995FB1E}
	EndGlobalSection
EndGlobal
