
Microsoft Visual Studio Solution File, Format Version 12.00
# Visual Studio Version 17
VisualStudioVersion = 17.1.32210.238
MinimumVisualStudioVersion = 10.0.40219.1
Project("{FAE04EC0-301F-11D3-BF4B-00C04F79EFBC}") = "Task1", "Task1\Task1.csproj", "{D785980F-79E7-411E-A5F8-97D22EDE6937}"
EndProject
Project("{FAE04EC0-301F-11D3-BF4B-00C04F79EFBC}") = "Task2", "Task2\Task2.csproj", "{6985C210-561E-4159-9937-A9833EE12D14}"
EndProject
Project("{FAE04EC0-301F-11D3-BF4B-00C04F79EFBC}") = "Task3", "Task3\Task3.csproj", "{4134A0F7-8DAC-4736-AE89-AEC9A13481DF}"
EndProject
Global
	GlobalSection(SolutionConfigurationPlatforms) = preSolution
		Debug|Any CPU = Debug|Any CPU
		Release|Any CPU = Release|Any CPU
	EndGlobalSection
	GlobalSection(ProjectConfigurationPlatforms) = postSolution
		{D785980F-79E7-411E-A5F8-97D22EDE6937}.Debug|Any CPU.ActiveCfg = Debug|Any CPU
		{D785980F-79E7-411E-A5F8-97D22EDE6937}.Debug|Any CPU.Build.0 = Debug|Any CPU
		{D785980F-79E7-411E-A5F8-97D22EDE6937}.Release|Any CPU.ActiveCfg = Release|Any CPU
		{D785980F-79E7-411E-A5F8-97D22EDE6937}.Release|Any CPU.Build.0 = Release|Any CPU
		{6985C210-561E-4159-9937-A9833EE12D14}.Debug|Any CPU.ActiveCfg = Debug|Any CPU
		{6985C210-561E-4159-9937-A9833EE12D14}.Debug|Any CPU.Build.0 = Debug|Any CPU
		{6985C210-561E-4159-9937-A9833EE12D14}.Release|Any CPU.ActiveCfg = Release|Any CPU
		{6985C210-561E-4159-9937-A9833EE12D14}.Release|Any CPU.Build.0 = Release|Any CPU
		{4134A0F7-8DAC-4736-AE89-AEC9A13481DF}.Debug|Any CPU.ActiveCfg = Debug|Any CPU
		{4134A0F7-8DAC-4736-AE89-AEC9A13481DF}.Debug|Any CPU.Build.0 = Debug|Any CPU
		{4134A0F7-8DAC-4736-AE89-AEC9A13481DF}.Release|Any CPU.ActiveCfg = Release|Any CPU
		{4134A0F7-8DAC-4736-AE89-AEC9A13481DF}.Release|Any CPU.Build.0 = Release|Any CPU
	EndGlobalSection
	GlobalSection(SolutionProperties) = preSolution
		HideSolutionNode = FALSE
	EndGlobalSection
	GlobalSection(ExtensibilityGlobals) = postSolution
		SolutionGuid = {E1655AFD-763B-466C-A7DF-91DED5B84F7D}
	EndGlobalSection
EndGlobal
